
Microsoft Visual Studio Solution File, Format Version 12.00
# Visual Studio Version 16
VisualStudioVersion = 16.0.29306.81
MinimumVisualStudioVersion = 10.0.40219.1
Project("{8BC9CEB8-8B4A-11D0-8D11-00A0C91BC942}") = "Snake", "Snake\Snake.vcxproj", "{F3007D66-9D39-40F7-9A9E-213EA0DE84BD}"
EndProject
Global
	GlobalSection(SolutionConfigurationPlatforms) = preSolution
		Debug|x64 = Debug|x64
		Debug|x86 = Debug|x86
		Release|x64 = Release|x64
		Release|x86 = Release|x86
	EndGlobalSection
	GlobalSection(ProjectConfigurationPlatforms) = postSolution
		{F3007D66-9D39-40F7-9A9E-213EA0DE84BD}.Debug|x64.ActiveCfg = Debug|x64
		{F3007D66-9D39-40F7-9A9E-213EA0DE84BD}.Debug|x64.Build.0 = Debug|x64
		{F3007D66-9D39-40F7-9A9E-213EA0DE84BD}.Debug|x86.ActiveCfg = Debug|Win32
		{F3007D66-9D39-40F7-9A9E-213EA0DE84BD}.Debug|x86.Build.0 = Debug|Win32
		{F3007D66-9D39-40F7-9A9E-213EA0DE84BD}.Release|x64.ActiveCfg = Release|x64
		{F3007D66-9D39-40F7-9A9E-213EA0DE84BD}.Release|x64.Build.0 = Release|x64
		{F3007D66-9D39-40F7-9A9E-213EA0DE84BD}.Release|x86.ActiveCfg = Release|Win32
		{F3007D66-9D39-40F7-9A9E-213EA0DE84BD}.Release|x86.Build.0 = Release|Win32
	EndGlobalSection
	GlobalSection(SolutionProperties) = preSolution
		HideSolutionNode = FALSE
	EndGlobalSection
	GlobalSection(ExtensibilityGlobals) = postSolution
		SolutionGuid = {7BC3CCBB-B0B0-4D7D-92CC-A3DAAA52EECC}
	EndGlobalSection
EndGlobal
